# @generated - this file is auto-generated by `mise lock` https://mise.jdx.dev/dev-tools/mise-lock.html

lockfile_version = 2

[[tools."aqua:EmbarkStudios/cargo-deny"]]
version = "0.20.2"
backend = "aqua:EmbarkStudios/cargo-deny"
specifiers = ["0.20.2"]

[tools."aqua:EmbarkStudios/cargo-deny"."platforms.linux-arm64"]
checksum = "sha256:995c82be0defc7a025cae49a2aa2644ce8245c9a3318fc4103907c6a285e8c7d"
url = "https://github.com/EmbarkStudios/cargo-deny/releases/download/0.20.2/cargo-deny-0.20.2-aarch64-unknown-linux-musl.tar.gz"
url_api = "https://api.github.com/repos/EmbarkStudios/cargo-deny/releases/assets/471598345"

[tools."aqua:EmbarkStudios/cargo-deny"."platforms.linux-arm64-musl"]
checksum = "sha256:995c82be0defc7a025cae49a2aa2644ce8245c9a3318fc4103907c6a285e8c7d"
url = "https://github.com/EmbarkStudios/cargo-deny/releases/download/0.20.2/cargo-deny-0.20.2-aarch64-unknown-linux-musl.tar.gz"
url_api = "https://api.github.com/repos/EmbarkStudios/cargo-deny/releases/assets/471598345"

[tools."aqua:EmbarkStudios/cargo-deny"."platforms.linux-x64"]
checksum = "sha256:9f12ed4c49936e09b48bf862b595cde2fe64fcbd9d74dfacac6131ca824c8d5f"
url = "https://github.com/EmbarkStudios/cargo-deny/releases/download/0.20.2/cargo-deny-0.20.2-x86_64-unknown-linux-musl.tar.gz"
url_api = "https://api.github.com/repos/EmbarkStudios/cargo-deny/releases/assets/471598214"

[tools."aqua:EmbarkStudios/cargo-deny"."platforms.linux-x64-musl"]
checksum = "sha256:9f12ed4c49936e09b48bf862b595cde2fe64fcbd9d74dfacac6131ca824c8d5f"
url = "https://github.com/EmbarkStudios/cargo-deny/releases/download/0.20.2/cargo-deny-0.20.2-x86_64-unknown-linux-musl.tar.gz"
url_api = "https://api.github.com/repos/EmbarkStudios/cargo-deny/releases/assets/471598214"

[tools."aqua:EmbarkStudios/cargo-deny"."platforms.macos-arm64"]
checksum = "sha256:fe67d82a10d8597a3549364cb733a3f9cc1bfff9031b7ae46384a9f2a72090c3"
url = "https://github.com/EmbarkStudios/cargo-deny/releases/download/0.20.2/cargo-deny-0.20.2-aarch64-apple-darwin.tar.gz"
url_api = "https://api.github.com/repos/EmbarkStudios/cargo-deny/releases/assets/471597689"

[tools."aqua:EmbarkStudios/cargo-deny"."platforms.macos-x64"]
checksum = "sha256:248da7f581724e470071990c088ffc55c811981715f4cbdb258621fb79f8b7a6"
url = "https://github.com/EmbarkStudios/cargo-deny/releases/download/0.20.2/cargo-deny-0.20.2-x86_64-apple-darwin.tar.gz"
url_api = "https://api.github.com/repos/EmbarkStudios/cargo-deny/releases/assets/471598357"

[tools."aqua:EmbarkStudios/cargo-deny"."platforms.windows-x64"]
checksum = "sha256:975a22143262fd27476d19ee00c7af67978426e40e1dee94eed6bbade1cf87dc"
url = "https://github.com/EmbarkStudios/cargo-deny/releases/download/0.20.2/cargo-deny-0.20.2-x86_64-pc-windows-msvc.tar.gz"
url_api = "https://api.github.com/repos/EmbarkStudios/cargo-deny/releases/assets/471599057"

[[tools."aqua:astral-sh/uv"]]
version = "0.12.17"
backend = "aqua:astral-sh/uv"
specifiers = ["0.12.17"]

[tools."aqua:astral-sh/uv"."platforms.linux-arm64"]
checksum = "sha256:d636d1b678e9e7f367ecb22b46bd1cabbed234d6bc3b4d96365d2b507f72f86c"
url = "https://github.com/astral-sh/uv/releases/download/0.12.17/uv-aarch64-unknown-linux-gnu.tar.gz"
url_api = "https://api.github.com/repos/astral-sh/uv/releases/assets/573252936"
provenance = "github-attestations"

[tools."aqua:astral-sh/uv"."platforms.linux-arm64-musl"]
checksum = "sha256:a6096da273d548cb9f277d237a01ac7344a39ef0f455c0e148e4dc9737c1596b"
url = "https://github.com/astral-sh/uv/releases/download/0.12.17/uv-aarch64-unknown-linux-musl.tar.gz"
url_api = "https://api.github.com/repos/astral-sh/uv/releases/assets/573252947"
provenance = "github-attestations"

[tools."aqua:astral-sh/uv"."platforms.linux-x64"]
checksum = "sha256:fa82fd8dde8e8eefdecada6aa0889666556cfceb690d06e0c3bca49eb3070a63"
url = "https://github.com/astral-sh/uv/releases/download/0.12.17/uv-x86_64-unknown-linux-gnu.tar.gz"
url_api = "https://api.github.com/repos/astral-sh/uv/releases/assets/573253080"
provenance = "github-attestations"

[tools."aqua:astral-sh/uv"."platforms.linux-x64-musl"]
checksum = "sha256:6401c4665d8fa2a9893e087c91f585430738e3170f5398a1141483efb4a93310"
url = "https://github.com/astral-sh/uv/releases/download/0.12.17/uv-x86_64-unknown-linux-musl.tar.gz"
url_api = "https://api.github.com/repos/astral-sh/uv/releases/assets/573253085"
provenance = "github-attestations"

[tools."aqua:astral-sh/uv"."platforms.macos-arm64"]
checksum = "sha256:85f00cbdc6dd3e97eba4c31b4d014375a9fdfe8f570023b84e5102fc3456896b"
url = "https://github.com/astral-sh/uv/releases/download/0.12.17/uv-aarch64-apple-darwin.tar.gz"
url_api = "https://api.github.com/repos/astral-sh/uv/releases/assets/573252913"
provenance = "github-attestations"

[tools."aqua:astral-sh/uv"."platforms.macos-x64"]
checksum = "sha256:8dcf05a8c809bb3c471d2b614788ba27a6e41298fc8c31ac84b5f4339fd468e5"
url = "https://github.com/astral-sh/uv/releases/download/0.12.17/uv-x86_64-apple-darwin.tar.gz"
url_api = "https://api.github.com/repos/astral-sh/uv/releases/assets/573253060"
provenance = "github-attestations"

[tools."aqua:astral-sh/uv"."platforms.windows-x64"]
checksum = "sha256:a252121d5b59398fcb137c6ea448176459a44010f33f67e0072305a637119ca7"
url = "https://github.com/astral-sh/uv/releases/download/0.12.17/uv-x86_64-pc-windows-msvc.zip"
url_api = "https://api.github.com/repos/astral-sh/uv/releases/assets/573253071"
provenance = "github-attestations"

[[tools."aqua:google/yamlfmt"]]
version = "0.21.0"
backend = "aqua:google/yamlfmt"
specifiers = ["0.21.0"]

[tools."aqua:google/yamlfmt"."platforms.linux-arm64"]
checksum = "sha256:5b2689c963b177271330c5ce8ca7396751107e5a826be46f03d2cb9b6f0c7784"
url = "https://github.com/google/yamlfmt/releases/download/v0.21.0/yamlfmt_0.21.0_Linux_arm64.tar.gz"
url_api = "https://api.github.com/repos/google/yamlfmt/releases/assets/336650208"

[tools."aqua:google/yamlfmt"."platforms.linux-arm64-musl"]
checksum = "sha256:5b2689c963b177271330c5ce8ca7396751107e5a826be46f03d2cb9b6f0c7784"
url = "https://github.com/google/yamlfmt/releases/download/v0.21.0/yamlfmt_0.21.0_Linux_arm64.tar.gz"
url_api = "https://api.github.com/repos/google/yamlfmt/releases/assets/336650208"

[tools."aqua:google/yamlfmt"."platforms.linux-x64"]
checksum = "sha256:1f300d9257b232bb3b541d7fb1b0e6b3c121bcbab381c86cd38cb8722be8a566"
url = "https://github.com/google/yamlfmt/releases/download/v0.21.0/yamlfmt_0.21.0_Linux_x86_64.tar.gz"
url_api = "https://api.github.com/repos/google/yamlfmt/releases/assets/336650203"

[tools."aqua:google/yamlfmt"."platforms.linux-x64-musl"]
checksum = "sha256:1f300d9257b232bb3b541d7fb1b0e6b3c121bcbab381c86cd38cb8722be8a566"
url = "https://github.com/google/yamlfmt/releases/download/v0.21.0/yamlfmt_0.21.0_Linux_x86_64.tar.gz"
url_api = "https://api.github.com/repos/google/yamlfmt/releases/assets/336650203"

[tools."aqua:google/yamlfmt"."platforms.macos-arm64"]
checksum = "sha256:4b417ecb94339d57e4c122ecc948c1a00fe328b5853266de9806e652a92858fa"
url = "https://github.com/google/yamlfmt/releases/download/v0.21.0/yamlfmt_0.21.0_Darwin_arm64.tar.gz"
url_api = "https://api.github.com/repos/google/yamlfmt/releases/assets/336650209"

[tools."aqua:google/yamlfmt"."platforms.macos-x64"]
checksum = "sha256:060e943bcb8583c456810eb1ff4721b4f46c4a0c1a4432449d5dc3bbfe29a22b"
url = "https://github.com/google/yamlfmt/releases/download/v0.21.0/yamlfmt_0.21.0_Darwin_x86_64.tar.gz"
url_api = "https://api.github.com/repos/google/yamlfmt/releases/assets/336650207"

[tools."aqua:google/yamlfmt"."platforms.windows-x64"]
checksum = "sha256:07f80ce5d741eb4b0a9380ac78a19c7cb5bd44e2a9a47a5a04839e3ba54dd463"
url = "https://github.com/google/yamlfmt/releases/download/v0.21.0/yamlfmt_0.21.0_Windows_x86_64.tar.gz"
url_api = "https://api.github.com/repos/google/yamlfmt/releases/assets/336650206"

[[tools."aqua:jdx/hk"]]
version = "2.1.0"
backend = "aqua:jdx/hk"
specifiers = ["2.1.0"]

[tools."aqua:jdx/hk"."platforms.linux-arm64"]
checksum = "sha256:7ffb155147a8a9dae1b571fb31a5d19a35d0175afb5fe3e5b2c652ebf67feb9f"
url = "https://github.com/jdx/hk/releases/download/v2.1.0/hk-aarch64-unknown-linux-gnu.tar.gz"
url_api = "https://api.github.com/repos/jdx/hk/releases/assets/583539437"

[tools."aqua:jdx/hk"."platforms.linux-arm64-musl"]
checksum = "sha256:8417655fd02f8311bcad9efab7594d4b6d7cca1c4d00cd1576f12ad5e40dac06"
url = "https://github.com/jdx/hk/releases/download/v2.1.0/hk-aarch64-unknown-linux-musl.tar.gz"
url_api = "https://api.github.com/repos/jdx/hk/releases/assets/583539440"

[tools."aqua:jdx/hk"."platforms.linux-x64"]
checksum = "sha256:7a7b28741d16f777d8be90fbcd8523996ee95c2d5222d5b173652d9b37e31969"
url = "https://github.com/jdx/hk/releases/download/v2.1.0/hk-x86_64-unknown-linux-gnu.tar.gz"
url_api = "https://api.github.com/repos/jdx/hk/releases/assets/583539481"

[tools."aqua:jdx/hk"."platforms.linux-x64-musl"]
checksum = "sha256:ab5a8fa2819fe3a1762576ac557b9797e1fe587b41a1f93c50e4dfa9f5b89e76"
url = "https://github.com/jdx/hk/releases/download/v2.1.0/hk-x86_64-unknown-linux-musl.tar.gz"
url_api = "https://api.github.com/repos/jdx/hk/releases/assets/583539492"

[tools."aqua:jdx/hk"."platforms.macos-arm64"]
checksum = "sha256:b30c6fb4447b5a9c24f9f80d165dca2d2e682907b8acb8222391e0527fea1ebe"
url = "https://github.com/jdx/hk/releases/download/v2.1.0/hk-aarch64-apple-darwin.tar.gz"
url_api = "https://api.github.com/repos/jdx/hk/releases/assets/583539442"

[tools."aqua:jdx/hk"."platforms.windows-x64"]
checksum = "sha256:c0344c09c76f7e25985c4770148130881b19313393d238949e5512ec3691fac3"
url = "https://github.com/jdx/hk/releases/download/v2.1.0/hk-x86_64-pc-windows-msvc.zip"
url_api = "https://api.github.com/repos/jdx/hk/releases/assets/583539446"

[[tools."aqua:loeffel-io/ls-lint"]]
version = "2.3.1"
backend = "aqua:loeffel-io/ls-lint"
specifiers = ["2.3.1"]

[tools."aqua:loeffel-io/ls-lint"."platforms.linux-arm64"]
checksum = "sha256:2abdb71243c619f0bb29587be5c228bec84c107985f2c066139ef0ec35fd3a99"
url = "https://github.com/loeffel-io/ls-lint/releases/download/v2.3.1/ls-lint-linux-arm64"
url_api = "https://api.github.com/repos/loeffel-io/ls-lint/releases/assets/260857550"

[tools."aqua:loeffel-io/ls-lint"."platforms.linux-arm64-musl"]
checksum = "sha256:2abdb71243c619f0bb29587be5c228bec84c107985f2c066139ef0ec35fd3a99"
url = "https://github.com/loeffel-io/ls-lint/releases/download/v2.3.1/ls-lint-linux-arm64"
url_api = "https://api.github.com/repos/loeffel-io/ls-lint/releases/assets/260857550"

[tools."aqua:loeffel-io/ls-lint"."platforms.linux-x64"]
checksum = "sha256:b5a0d2e4427ad039fbc574551f17679f38f142b25d15e0e538769f8cf15af397"
url = "https://github.com/loeffel-io/ls-lint/releases/download/v2.3.1/ls-lint-linux-amd64"
url_api = "https://api.github.com/repos/loeffel-io/ls-lint/releases/assets/260857547"

[tools."aqua:loeffel-io/ls-lint"."platforms.linux-x64-musl"]
checksum = "sha256:b5a0d2e4427ad039fbc574551f17679f38f142b25d15e0e538769f8cf15af397"
url = "https://github.com/loeffel-io/ls-lint/releases/download/v2.3.1/ls-lint-linux-amd64"
url_api = "https://api.github.com/repos/loeffel-io/ls-lint/releases/assets/260857547"

[tools."aqua:loeffel-io/ls-lint"."platforms.macos-arm64"]
checksum = "sha256:e4ed2ce2b7b61d6685769e34c6375ccecb14a3f00ee59438cf82d01d6236a3c4"
url = "https://github.com/loeffel-io/ls-lint/releases/download/v2.3.1/ls-lint-darwin-arm64"
url_api = "https://api.github.com/repos/loeffel-io/ls-lint/releases/assets/260857541"

[tools."aqua:loeffel-io/ls-lint"."platforms.macos-x64"]
checksum = "sha256:fc17fc642e95fd8bf7030ed661e86758bee654f6e11f1e31a5f21887f47f73ae"
url = "https://github.com/loeffel-io/ls-lint/releases/download/v2.3.1/ls-lint-darwin-amd64"
url_api = "https://api.github.com/repos/loeffel-io/ls-lint/releases/assets/260857543"

[tools."aqua:loeffel-io/ls-lint"."platforms.windows-x64"]
checksum = "sha256:94e5cfb9468e597cb513fb7a8bf26499c9315ebd505d960c74e2d4849167bd31"
url = "https://github.com/loeffel-io/ls-lint/releases/download/v2.3.1/ls-lint-windows-amd64.exe"
url_api = "https://api.github.com/repos/loeffel-io/ls-lint/releases/assets/260857557"

[[tools."aqua:lycheeverse/lychee"]]
version = "0.24.2"
backend = "aqua:lycheeverse/lychee"
specifiers = ["0.24.2"]

[tools."aqua:lycheeverse/lychee"."platforms.linux-arm64"]
checksum = "sha256:91a7bd65685da41b90ccb9bc867a3d649a7818042dae04ff405e55a25bddee4c"
url = "https://github.com/lycheeverse/lychee/releases/download/lychee-v0.24.2/lychee-aarch64-unknown-linux-gnu.tar.gz"
url_api = "https://api.github.com/repos/lycheeverse/lychee/releases/assets/409959442"

[tools."aqua:lycheeverse/lychee"."platforms.linux-arm64-musl"]
checksum = "sha256:5d0b0e3aeab240f41920c633a6eaf97599be6eedda034b36e858ede7dba5e535"
url = "https://github.com/lycheeverse/lychee/releases/download/lychee-v0.24.2/lychee-aarch64-unknown-linux-musl.tar.gz"
url_api = "https://api.github.com/repos/lycheeverse/lychee/releases/assets/409958602"

[tools."aqua:lycheeverse/lychee"."platforms.linux-x64"]
checksum = "sha256:1f4e0ef7f6554a6ed33dd7ac144fb2e1bbed98598e7af973042fc5cd43951c9a"
url = "https://github.com/lycheeverse/lychee/releases/download/lychee-v0.24.2/lychee-x86_64-unknown-linux-gnu.tar.gz"
url_api = "https://api.github.com/repos/lycheeverse/lychee/releases/assets/409959156"

[tools."aqua:lycheeverse/lychee"."platforms.linux-x64-musl"]
checksum = "sha256:73657a111819a30c47c08352896796f23d64e4eb2b3ed39b6d32149241566fc5"
url = "https://github.com/lycheeverse/lychee/releases/download/lychee-v0.24.2/lychee-x86_64-unknown-linux-musl.tar.gz"
url_api = "https://api.github.com/repos/lycheeverse/lychee/releases/assets/409959271"

[tools."aqua:lycheeverse/lychee"."platforms.macos-arm64"]
checksum = "sha256:c9d3740ea2d891854d37116c9fba840f37b6e7c89d330e7db84ac333631c4977"
url = "https://github.com/lycheeverse/lychee/releases/download/lychee-v0.24.2/lychee-aarch64-apple-darwin.tar.gz"
url_api = "https://api.github.com/repos/lycheeverse/lychee/releases/assets/409957951"

[tools."aqua:lycheeverse/lychee"."platforms.macos-x64"]
checksum = "sha256:887503a9cff667d322b8d0892b40bf49976eb9507af8483220a3706cdad55978"
url = "https://github.com/lycheeverse/lychee/releases/download/lychee-v0.24.2/lychee-x86_64-apple-darwin.tar.gz"
url_api = "https://api.github.com/repos/lycheeverse/lychee/releases/assets/409957687"

[tools."aqua:lycheeverse/lychee"."platforms.windows-x64"]
checksum = "sha256:32975d1493ee1a975d6bb41e4fb56fe419cb442ded628bb772ba2e614acfacad"
url = "https://github.com/lycheeverse/lychee/releases/download/lychee-v0.24.2/lychee-x86_64-pc-windows-msvc.zip"
url_api = "https://api.github.com/repos/lycheeverse/lychee/releases/assets/409959491"

[[tools."aqua:mikefarah/yq"]]
version = "4.53.6"
backend = "aqua:mikefarah/yq"
specifiers = ["4.53.6"]

[tools."aqua:mikefarah/yq"."platforms.linux-arm64"]
checksum = "sha256:88a1016bc1d657375a35864e4f44b6f333df8ff97b559f51bba0adcb2169df09"
url = "https://github.com/mikefarah/yq/releases/download/v4.53.6/yq_linux_arm64"
url_api = "https://api.github.com/repos/mikefarah/yq/releases/assets/522028007"
provenance = "cosign"

[tools."aqua:mikefarah/yq"."platforms.linux-arm64-musl"]
checksum = "sha256:88a1016bc1d657375a35864e4f44b6f333df8ff97b559f51bba0adcb2169df09"
url = "https://github.com/mikefarah/yq/releases/download/v4.53.6/yq_linux_arm64"
url_api = "https://api.github.com/repos/mikefarah/yq/releases/assets/522028007"
provenance = "cosign"

[tools."aqua:mikefarah/yq"."platforms.linux-x64"]
checksum = "sha256:c5f056448f973ae7d39b5401949648a78f2dc1947d6a8eb65be60d5c504b9385"
url = "https://github.com/mikefarah/yq/releases/download/v4.53.6/yq_linux_amd64"
url_api = "https://api.github.com/repos/mikefarah/yq/releases/assets/522028022"
provenance = "cosign"

[tools."aqua:mikefarah/yq"."platforms.linux-x64-musl"]
checksum = "sha256:c5f056448f973ae7d39b5401949648a78f2dc1947d6a8eb65be60d5c504b9385"
url = "https://github.com/mikefarah/yq/releases/download/v4.53.6/yq_linux_amd64"
url_api = "https://api.github.com/repos/mikefarah/yq/releases/assets/522028022"
provenance = "cosign"

[tools."aqua:mikefarah/yq"."platforms.macos-arm64"]
checksum = "sha256:cceb0b8d71ea5294334121f8429f33f92b920e7217d904a2f9f35443968ac424"
url = "https://github.com/mikefarah/yq/releases/download/v4.53.6/yq_darwin_arm64"
url_api = "https://api.github.com/repos/mikefarah/yq/releases/assets/522028033"
provenance = "cosign"

[tools."aqua:mikefarah/yq"."platforms.macos-x64"]
checksum = "sha256:caa513cb04f3804b34d4752f0e0d7904fecb9e7cf1d34081289f83259319a7f6"
url = "https://github.com/mikefarah/yq/releases/download/v4.53.6/yq_darwin_amd64"
url_api = "https://api.github.com/repos/mikefarah/yq/releases/assets/522028031"
provenance = "cosign"

[tools."aqua:mikefarah/yq"."platforms.windows-x64"]
checksum = "sha256:ece3dd8bb50d39f93610506273ea262feb91e5c486bbddbb10abf91b2a6c0f14"
url = "https://github.com/mikefarah/yq/releases/download/v4.53.6/yq_windows_amd64.exe"
url_api = "https://api.github.com/repos/mikefarah/yq/releases/assets/522027974"
provenance = "cosign"

[[tools."aqua:rvben/rumdl"]]
version = "0.2.75"
backend = "aqua:rvben/rumdl"
specifiers = ["0.2.75"]

[tools."aqua:rvben/rumdl"."platforms.linux-arm64"]
checksum = "sha256:64f6f910d0f1138003098876260989bb704c4e9aeec9991ccdb64fa04d49f713"
url = "https://github.com/rvben/rumdl/releases/download/v0.2.75/rumdl-v0.2.75-aarch64-unknown-linux-gnu.tar.gz"
url_api = "https://api.github.com/repos/rvben/rumdl/releases/assets/577473577"
provenance = "github-attestations"

[tools."aqua:rvben/rumdl"."platforms.linux-arm64-musl"]
checksum = "sha256:2d22c15c13e5c8c8c89993670494bdf4d30c2ae95caeeca30ea6aae3e5466146"
url = "https://github.com/rvben/rumdl/releases/download/v0.2.75/rumdl-v0.2.75-aarch64-unknown-linux-musl.tar.gz"
url_api = "https://api.github.com/repos/rvben/rumdl/releases/assets/577473570"
provenance = "github-attestations"

[tools."aqua:rvben/rumdl"."platforms.linux-x64"]
checksum = "sha256:2831bd2eb58389e805c120463f4f52774fce225fa835111bc412131801d9da90"
url = "https://github.com/rvben/rumdl/releases/download/v0.2.75/rumdl-v0.2.75-x86_64-unknown-linux-gnu.tar.gz"
url_api = "https://api.github.com/repos/rvben/rumdl/releases/assets/577473568"
provenance = "github-attestations"

[tools."aqua:rvben/rumdl"."platforms.linux-x64-musl"]
checksum = "sha256:e9be454f7726e23f91a7a4c91dc33eb17c87a7be67372de586d543c97b3297cc"
url = "https://github.com/rvben/rumdl/releases/download/v0.2.75/rumdl-v0.2.75-x86_64-unknown-linux-musl.tar.gz"
url_api = "https://api.github.com/repos/rvben/rumdl/releases/assets/577473576"
provenance = "github-attestations"

[tools."aqua:rvben/rumdl"."platforms.macos-arm64"]
checksum = "sha256:22771c73a49ab5fb3f426c287bd2f1cc88b5544edfc013eb66723a2789f96c62"
url = "https://github.com/rvben/rumdl/releases/download/v0.2.75/rumdl-v0.2.75-aarch64-apple-darwin.tar.gz"
url_api = "https://api.github.com/repos/rvben/rumdl/releases/assets/577473581"
provenance = "github-attestations"

[tools."aqua:rvben/rumdl"."platforms.macos-x64"]
checksum = "sha256:f1a74c6c56dd578bc7e2c46aa0742451f20d850e1eae178fb717d5e80ad2032e"
url = "https://github.com/rvben/rumdl/releases/download/v0.2.75/rumdl-v0.2.75-x86_64-apple-darwin.tar.gz"
url_api = "https://api.github.com/repos/rvben/rumdl/releases/assets/577473583"
provenance = "github-attestations"

[tools."aqua:rvben/rumdl"."platforms.windows-x64"]
checksum = "sha256:244209b543a307b6ae73b27cd52ac8058f217a6a66d5fe334f07b2377a82ca86"
url = "https://github.com/rvben/rumdl/releases/download/v0.2.75/rumdl-v0.2.75-x86_64-pc-windows-msvc.zip"
url_api = "https://api.github.com/repos/rvben/rumdl/releases/assets/577473582"
provenance = "github-attestations"

[[tools."aqua:tombi-toml/tombi"]]
version = "1.5.5"
backend = "aqua:tombi-toml/tombi"
specifiers = ["1.5.5"]

[tools."aqua:tombi-toml/tombi"."platforms.linux-arm64"]
checksum = "sha256:a545a471cec6baf982bcb8e274d097303cece1a72136ada79d240adb6d1354f6"
url = "https://github.com/tombi-toml/tombi/releases/download/v1.5.5/tombi-cli-1.5.5-aarch64-unknown-linux-musl.tar.gz"
url_api = "https://api.github.com/repos/tombi-toml/tombi/releases/assets/559313379"
provenance = "github-attestations"

[tools."aqua:tombi-toml/tombi"."platforms.linux-arm64-musl"]
checksum = "sha256:a545a471cec6baf982bcb8e274d097303cece1a72136ada79d240adb6d1354f6"
url = "https://github.com/tombi-toml/tombi/releases/download/v1.5.5/tombi-cli-1.5.5-aarch64-unknown-linux-musl.tar.gz"
url_api = "https://api.github.com/repos/tombi-toml/tombi/releases/assets/559313379"
provenance = "github-attestations"

[tools."aqua:tombi-toml/tombi"."platforms.linux-x64"]
checksum = "sha256:6c50d2589989e8182e9f6e774b4b25c9f5729b67a2a7e7dcaadddbedbe1da5ec"
url = "https://github.com/tombi-toml/tombi/releases/download/v1.5.5/tombi-cli-1.5.5-x86_64-unknown-linux-musl.tar.gz"
url_api = "https://api.github.com/repos/tombi-toml/tombi/releases/assets/559313407"
provenance = "github-attestations"

[tools."aqua:tombi-toml/tombi"."platforms.linux-x64-musl"]
checksum = "sha256:6c50d2589989e8182e9f6e774b4b25c9f5729b67a2a7e7dcaadddbedbe1da5ec"
url = "https://github.com/tombi-toml/tombi/releases/download/v1.5.5/tombi-cli-1.5.5-x86_64-unknown-linux-musl.tar.gz"
url_api = "https://api.github.com/repos/tombi-toml/tombi/releases/assets/559313407"
provenance = "github-attestations"

[tools."aqua:tombi-toml/tombi"."platforms.macos-arm64"]
checksum = "sha256:460b3269414d2ca26e05863908764f118bea3b4a52068081af6a3dae03c1320e"
url = "https://github.com/tombi-toml/tombi/releases/download/v1.5.5/tombi-cli-1.5.5-aarch64-apple-darwin.tar.gz"
url_api = "https://api.github.com/repos/tombi-toml/tombi/releases/assets/559313381"
provenance = "github-attestations"

[tools."aqua:tombi-toml/tombi"."platforms.macos-x64"]
checksum = "sha256:9276c456e4a0217e95fb84ac3cde29d281d7b53e5eb168d83cb038ec07e2083d"
url = "https://github.com/tombi-toml/tombi/releases/download/v1.5.5/tombi-cli-1.5.5-x86_64-apple-darwin.tar.gz"
url_api = "https://api.github.com/repos/tombi-toml/tombi/releases/assets/559313375"
provenance = "github-attestations"

[tools."aqua:tombi-toml/tombi"."platforms.windows-x64"]
checksum = "sha256:49e8aa14e82038a13c5f9f50cc6524b56b9bce167734bead31439939e0830a3b"
url = "https://github.com/tombi-toml/tombi/releases/download/v1.5.5/tombi-cli-1.5.5-x86_64-pc-windows-msvc.zip"
url_api = "https://api.github.com/repos/tombi-toml/tombi/releases/assets/559313401"
provenance = "github-attestations"

[[tools."cargo:nemasvg"]]
version = "0.2.0"
backend = "cargo:nemasvg"
specifiers = ["0.2.0"]

[[tools."cargo:templatry"]]
version = "0.2.0"
backend = "cargo:templatry"
specifiers = ["0.2.0"]

[[tools."github:asciinema/asciinema"]]
version = "3.2.1"
backend = "github:asciinema/asciinema"
specifiers = ["3.2.1"]

[tools."github:asciinema/asciinema"."platforms.linux-arm64"]
checksum = "sha256:b516a6d896844c0ffbc96e0a55afe4cbcc79216abde0fc64fdda4e39bee421ea"
url = "https://github.com/asciinema/asciinema/releases/download/v3.2.1/asciinema-aarch64-unknown-linux-gnu"
url_api = "https://api.github.com/repos/asciinema/asciinema/releases/assets/449290064"

[tools."github:asciinema/asciinema"."platforms.linux-arm64-musl"]
checksum = "sha256:b516a6d896844c0ffbc96e0a55afe4cbcc79216abde0fc64fdda4e39bee421ea"
url = "https://github.com/asciinema/asciinema/releases/download/v3.2.1/asciinema-aarch64-unknown-linux-gnu"
url_api = "https://api.github.com/repos/asciinema/asciinema/releases/assets/449290064"

[tools."github:asciinema/asciinema"."platforms.linux-x64"]
checksum = "sha256:1b405bbda565b33c3c4718de67fedc3535580603c0694b1ff3fb04f363430a20"
url = "https://github.com/asciinema/asciinema/releases/download/v3.2.1/asciinema-x86_64-unknown-linux-gnu"
url_api = "https://api.github.com/repos/asciinema/asciinema/releases/assets/449289226"

[tools."github:asciinema/asciinema"."platforms.linux-x64-musl"]
checksum = "sha256:bec9781bc8f297a9d3d74ff60205599507f2abba1183578b8b2f22be4c999214"
url = "https://github.com/asciinema/asciinema/releases/download/v3.2.1/asciinema-x86_64-unknown-linux-musl"
url_api = "https://api.github.com/repos/asciinema/asciinema/releases/assets/449289811"

[tools."github:asciinema/asciinema"."platforms.macos-arm64"]
checksum = "sha256:1f0c76da7855601df93e5dccdf69b7c683b81beff1411e38b3802de1f5fc7a1c"
url = "https://github.com/asciinema/asciinema/releases/download/v3.2.1/asciinema-aarch64-apple-darwin"
url_api = "https://api.github.com/repos/asciinema/asciinema/releases/assets/449290357"

[tools."github:asciinema/asciinema"."platforms.macos-x64"]
checksum = "sha256:1b388af0e1566ab19deea663b0ce64730ad46ade2825fadd43cc88f0bd28140a"
url = "https://github.com/asciinema/asciinema/releases/download/v3.2.1/asciinema-x86_64-apple-darwin"
url_api = "https://api.github.com/repos/asciinema/asciinema/releases/assets/449290107"

[[tools."github:kucherenko/jscpd"]]
version = "5.3.1"
backend = "github:kucherenko/jscpd"
specifiers = ["v5.3.1"]

[tools."github:kucherenko/jscpd"."platforms.linux-arm64"]
checksum = "sha256:5ea4ccba7784fb7c836a0be2dd7cdf0fa4750ac866401a4390213c66ac621670"
url = "https://github.com/kucherenko/jscpd/releases/download/v5.3.1/jscpd-linux-arm64-gnu.tar.gz"
url_api = "https://api.github.com/repos/kucherenko/jscpd/releases/assets/579237034"
provenance = "github-attestations"

[tools."github:kucherenko/jscpd"."platforms.linux-arm64-musl"]
checksum = "sha256:01e3a7add9e7cee483e479f211c91814fd93ebad5387bf9669516335b134b7e3"
url = "https://github.com/kucherenko/jscpd/releases/download/v5.3.1/jscpd-linux-arm64-musl.tar.gz"
url_api = "https://api.github.com/repos/kucherenko/jscpd/releases/assets/579237036"
provenance = "github-attestations"

[tools."github:kucherenko/jscpd"."platforms.linux-x64"]
checksum = "sha256:f3e7e7e3c537a0c8fd6efae781e244633dfa89024f38cd5d09b131eaf0ecfc7d"
url = "https://github.com/kucherenko/jscpd/releases/download/v5.3.1/jscpd-linux-x64-gnu.tar.gz"
url_api = "https://api.github.com/repos/kucherenko/jscpd/releases/assets/579237033"
provenance = "github-attestations"

[tools."github:kucherenko/jscpd"."platforms.linux-x64-musl"]
checksum = "sha256:59abbc010eb93289fb9fb6b31d9380e106f46fd327fc8c48899dee851ce91030"
url = "https://github.com/kucherenko/jscpd/releases/download/v5.3.1/jscpd-linux-x64-musl.tar.gz"
url_api = "https://api.github.com/repos/kucherenko/jscpd/releases/assets/579237061"
provenance = "github-attestations"

[tools."github:kucherenko/jscpd"."platforms.macos-arm64"]
checksum = "sha256:c5ff2727090942e4ad31ded7f49ce2529e8be7057e79e3d16383856f68b2b7b3"
url = "https://github.com/kucherenko/jscpd/releases/download/v5.3.1/jscpd-darwin-arm64.tar.gz"
url_api = "https://api.github.com/repos/kucherenko/jscpd/releases/assets/579237035"
provenance = "github-attestations"

[tools."github:kucherenko/jscpd"."platforms.macos-x64"]
checksum = "sha256:bbc5cc56d1f276ff45295d56aeceb2117a44906112497f6cdab7aca1b6b87837"
url = "https://github.com/kucherenko/jscpd/releases/download/v5.3.1/jscpd-darwin-x64.tar.gz"
url_api = "https://api.github.com/repos/kucherenko/jscpd/releases/assets/579237032"
provenance = "github-attestations"

[tools."github:kucherenko/jscpd"."platforms.windows-x64"]
checksum = "sha256:d6ca5713fe3dba805ac8d194dffaf492d07f40d7f88de0ace9430fc8fb8d20d8"
url = "https://github.com/kucherenko/jscpd/releases/download/v5.3.1/jscpd-windows-x64-msvc.tar.gz"
url_api = "https://api.github.com/repos/kucherenko/jscpd/releases/assets/579237065"
provenance = "github-attestations"

[[tools."github:mongodb/kingfisher"]]
version = "2.5.0"
backend = "github:mongodb/kingfisher"
specifiers = ["v2.5.0"]

[tools."github:mongodb/kingfisher"."platforms.linux-arm64"]
checksum = "sha256:06501830ace101da6aa34acdf51e1fbac6f82863a1b7efba0803d463bc47ec3f"
url = "https://github.com/mongodb/kingfisher/releases/download/v2.5.0/kingfisher-linux-arm64.tgz"
url_api = "https://api.github.com/repos/mongodb/kingfisher/releases/assets/573313823"
provenance = "github-attestations"

[tools."github:mongodb/kingfisher"."platforms.linux-arm64-musl"]
checksum = "sha256:06501830ace101da6aa34acdf51e1fbac6f82863a1b7efba0803d463bc47ec3f"
url = "https://github.com/mongodb/kingfisher/releases/download/v2.5.0/kingfisher-linux-arm64.tgz"
url_api = "https://api.github.com/repos/mongodb/kingfisher/releases/assets/573313823"
provenance = "github-attestations"

[tools."github:mongodb/kingfisher"."platforms.linux-x64"]
checksum = "sha256:830d493f97c6b4e38c1a1566acbf7ddab3a9d6b782c0a72f0c08808be2c22529"
url = "https://github.com/mongodb/kingfisher/releases/download/v2.5.0/kingfisher-linux-x64.tgz"
url_api = "https://api.github.com/repos/mongodb/kingfisher/releases/assets/573313749"
provenance = "github-attestations"

[tools."github:mongodb/kingfisher"."platforms.linux-x64-musl"]
checksum = "sha256:830d493f97c6b4e38c1a1566acbf7ddab3a9d6b782c0a72f0c08808be2c22529"
url = "https://github.com/mongodb/kingfisher/releases/download/v2.5.0/kingfisher-linux-x64.tgz"
url_api = "https://api.github.com/repos/mongodb/kingfisher/releases/assets/573313749"
provenance = "github-attestations"

[tools."github:mongodb/kingfisher"."platforms.macos-arm64"]
checksum = "sha256:720e920ea8d90de67ad976298340d7e3c788c583dc78d0c87cae3df9281872ba"
url = "https://github.com/mongodb/kingfisher/releases/download/v2.5.0/kingfisher-darwin-arm64.tgz"
url_api = "https://api.github.com/repos/mongodb/kingfisher/releases/assets/573313944"
provenance = "github-attestations"

[tools."github:mongodb/kingfisher"."platforms.macos-x64"]
checksum = "sha256:9836708116d1980f90fbac4c165f919803ffb31427325dc58e10c0cc5a4bbd0e"
url = "https://github.com/mongodb/kingfisher/releases/download/v2.5.0/kingfisher-darwin-x64.tgz"
url_api = "https://api.github.com/repos/mongodb/kingfisher/releases/assets/573313916"
provenance = "github-attestations"

[tools."github:mongodb/kingfisher"."platforms.windows-x64"]
checksum = "sha256:5379ebd3522a92582a67fed25342675cd0b80d9c0165d4360e1cc7a1d5e8dd38"
url = "https://github.com/mongodb/kingfisher/releases/download/v2.5.0/kingfisher-windows-x64.zip"
url_api = "https://api.github.com/repos/mongodb/kingfisher/releases/assets/573313648"
provenance = "github-attestations"

[[tools."github:zizmorcore/zizmor"]]
version = "1.30.1"
backend = "github:zizmorcore/zizmor"
specifiers = ["v1.30.1"]

[tools."github:zizmorcore/zizmor"."platforms.linux-arm64"]
checksum = "sha256:7ff1dce33bdd18fd2a4affe63bdd47efcccca97b2cec1c1863ec26e9e2647540"
url = "https://github.com/zizmorcore/zizmor/releases/download/v1.30.1/zizmor-aarch64-unknown-linux-gnu.tar.gz"
url_api = "https://api.github.com/repos/zizmorcore/zizmor/releases/assets/552067643"
provenance = "github-attestations"

[tools."github:zizmorcore/zizmor"."platforms.linux-arm64-musl"]
checksum = "sha256:7ff1dce33bdd18fd2a4affe63bdd47efcccca97b2cec1c1863ec26e9e2647540"
url = "https://github.com/zizmorcore/zizmor/releases/download/v1.30.1/zizmor-aarch64-unknown-linux-gnu.tar.gz"
url_api = "https://api.github.com/repos/zizmorcore/zizmor/releases/assets/552067643"
provenance = "github-attestations"

[tools."github:zizmorcore/zizmor"."platforms.linux-x64"]
checksum = "sha256:e65324f4430c2717591937edcec90ccbefaf14c174f8ec9415e03ca875b46e1a"
url = "https://github.com/zizmorcore/zizmor/releases/download/v1.30.1/zizmor-x86_64-unknown-linux-gnu.tar.gz"
url_api = "https://api.github.com/repos/zizmorcore/zizmor/releases/assets/552067642"
provenance = "github-attestations"

[tools."github:zizmorcore/zizmor"."platforms.linux-x64-musl"]
checksum = "sha256:e65324f4430c2717591937edcec90ccbefaf14c174f8ec9415e03ca875b46e1a"
url = "https://github.com/zizmorcore/zizmor/releases/download/v1.30.1/zizmor-x86_64-unknown-linux-gnu.tar.gz"
url_api = "https://api.github.com/repos/zizmorcore/zizmor/releases/assets/552067642"
provenance = "github-attestations"

[tools."github:zizmorcore/zizmor"."platforms.macos-arm64"]
checksum = "sha256:e28d22b087f9ebb8d99da6e740d348c930f559961c7c3f12badda54f882195a2"
url = "https://github.com/zizmorcore/zizmor/releases/download/v1.30.1/zizmor-aarch64-apple-darwin.tar.gz"
url_api = "https://api.github.com/repos/zizmorcore/zizmor/releases/assets/552067640"
provenance = "github-attestations"

[tools."github:zizmorcore/zizmor"."platforms.macos-x64"]
checksum = "sha256:10e6b18b11ea07e515a16f0f0518c7b07527bc9977c1fd5698181ce7f3554202"
url = "https://github.com/zizmorcore/zizmor/releases/download/v1.30.1/zizmor-x86_64-apple-darwin.tar.gz"
url_api = "https://api.github.com/repos/zizmorcore/zizmor/releases/assets/552067641"
provenance = "github-attestations"

[tools."github:zizmorcore/zizmor"."platforms.windows-x64"]
checksum = "sha256:b183b1e996eddfab9659f1e9b46e059f1ef1cf984a1f14e5da09f7876a4b3a1c"
url = "https://github.com/zizmorcore/zizmor/releases/download/v1.30.1/zizmor-x86_64-pc-windows-msvc.zip"
url_api = "https://api.github.com/repos/zizmorcore/zizmor/releases/assets/552067645"
provenance = "github-attestations"

[[tools."http:flutter"]]
version = "3.47.5"
backend = "http:flutter"
specifiers = ["3.47.5"]

[tools."http:flutter"."platforms.linux-x64"]
checksum = "sha256:2132e990f236f8d22e7c6314b29a191a95b10d7cbcfec9b4e2e303d996652cbb"
url = "https://storage.googleapis.com/flutter_infra_release/releases/stable/linux/flutter_linux_3.47.5-stable.tar.xz"

[tools."http:flutter"."platforms.linux-x64-musl"]
checksum = "sha256:2132e990f236f8d22e7c6314b29a191a95b10d7cbcfec9b4e2e303d996652cbb"
url = "https://storage.googleapis.com/flutter_infra_release/releases/stable/linux/flutter_linux_3.47.5-stable.tar.xz"

[tools."http:flutter"."platforms.macos-arm64"]
checksum = "sha256:d4dd908b5f8f65515831b6d68ae33307a813f2b68947dded7a1994ee5ea7cead"
url = "https://storage.googleapis.com/flutter_infra_release/releases/stable/macos/flutter_macos_arm64_3.47.5-stable.zip"

[tools."http:flutter"."platforms.macos-x64"]
checksum = "sha256:a7893bb0feecd8bd066f4f7e850356f896a6fc3b862e6c506d21c76691a66b72"
url = "https://storage.googleapis.com/flutter_infra_release/releases/stable/macos/flutter_macos_3.47.5-stable.zip"

[tools."http:flutter"."platforms.windows-x64"]
checksum = "sha256:0ccd71931f49c2fbe394b1eeb6d79af3d624058a043ea0d03d34160581624fb8"
url = "https://storage.googleapis.com/flutter_infra_release/releases/stable/windows/flutter_windows_3.47.5-stable.zip"

[[tools."pipx:yamllint"]]
version = "1.38.0"
backend = "pipx:yamllint"
specifiers = ["1.38.0"]
uv = { path = "mise/locks/pipx-yamllint/1.38.0", digest = "sha256:da95d95c985f02dda36eaac428e92d3e92734d68431222430ad5be8d718034a0" }
